<?xml version="1.0" encoding="utf-8"?>
<Project ToolsVersion="16.0" xmlns="http://schemas.microsoft.com/developer/msbuild/2003">
  <ItemGroup>
    <ClCompile Include="C:\Users\brent\Documents\Repositories\sonel-mapping\sonel-mapping\cuda_compile_ptx_1_generated_CudaSonelVisualizer.cu.ptx_embedded.c">
      <Filter>Source Files</Filter>
    </ClCompile>
    <ClCompile Include="C:\Users\brent\Documents\Repositories\sonel-mapping\sonel-mapping\cuda_compile_ptx_2_generated_CudaSonelMapper.cu.ptx_embedded.c">
      <Filter>Source Files</Filter>
    </ClCompile>
    <ClCompile Include="C:\Users\brent\Documents\Repositories\sonel-mapping\sonel-mapping\CameraFrame.cpp">
      <Filter>Source Files</Filter>
    </ClCompile>
    <ClCompile Include="C:\Users\brent\Documents\Repositories\sonel-mapping\sonel-mapping\CameraFrameManip.cpp">
      <Filter>Source Files</Filter>
    </ClCompile>
    <ClCompile Include="C:\Users\brent\Documents\Repositories\sonel-mapping\sonel-mapping\FlyModeManip.cpp">
      <Filter>Source Files</Filter>
    </ClCompile>
    <ClCompile Include="C:\Users\brent\Documents\Repositories\sonel-mapping\sonel-mapping\InspectModeManip.cpp">
      <Filter>Source Files</Filter>
    </ClCompile>
    <ClCompile Include="C:\Users\brent\Documents\Repositories\sonel-mapping\sonel-mapping\GlfCameraWindow.cpp">
      <Filter>Source Files</Filter>
    </ClCompile>
    <ClCompile Include="C:\Users\brent\Documents\Repositories\sonel-mapping\sonel-mapping\GlfWindow.cpp">
      <Filter>Source Files</Filter>
    </ClCompile>
    <ClCompile Include="C:\Users\brent\Documents\Repositories\sonel-mapping\sonel-mapping\MainWindow.cpp">
      <Filter>Source Files</Filter>
    </ClCompile>
    <ClCompile Include="C:\Users\brent\Documents\Repositories\sonel-mapping\sonel-mapping\Model.cpp">
      <Filter>Source Files</Filter>
    </ClCompile>
    <ClCompile Include="C:\Users\brent\Documents\Repositories\sonel-mapping\sonel-mapping\OptixScene.cpp">
      <Filter>Source Files</Filter>
    </ClCompile>
    <ClCompile Include="C:\Users\brent\Documents\Repositories\sonel-mapping\sonel-mapping\OptixSetup.cpp">
      <Filter>Source Files</Filter>
    </ClCompile>
    <ClCompile Include="C:\Users\brent\Documents\Repositories\sonel-mapping\sonel-mapping\SonelManager.cpp">
      <Filter>Source Files</Filter>
    </ClCompile>
    <ClCompile Include="C:\Users\brent\Documents\Repositories\sonel-mapping\sonel-mapping\SonelMapper.cpp">
      <Filter>Source Files</Filter>
    </ClCompile>
    <ClCompile Include="C:\Users\brent\Documents\Repositories\sonel-mapping\sonel-mapping\SonelMapVisualizer.cpp">
      <Filter>Source Files</Filter>
    </ClCompile>
    <ClCompile Include="C:\Users\brent\Documents\Repositories\sonel-mapping\sonel-mapping\main.cpp">
      <Filter>Source Files</Filter>
    </ClCompile>
  </ItemGroup>
  <ItemGroup>
    <ClInclude Include="C:\Users\brent\Documents\Repositories\sonel-mapping\sonel-mapping\optix7.h">
      <Filter>Header Files</Filter>
    </ClInclude>
    <ClInclude Include="C:\Users\brent\Documents\Repositories\sonel-mapping\sonel-mapping\Camera.h">
      <Filter>Header Files</Filter>
    </ClInclude>
    <ClInclude Include="C:\Users\brent\Documents\Repositories\sonel-mapping\sonel-mapping\CameraFrame.h">
      <Filter>Header Files</Filter>
    </ClInclude>
    <ClInclude Include="C:\Users\brent\Documents\Repositories\sonel-mapping\sonel-mapping\CameraFrameManip.h">
      <Filter>Header Files</Filter>
    </ClInclude>
    <ClInclude Include="C:\Users\brent\Documents\Repositories\sonel-mapping\sonel-mapping\FlyModeManip.h">
      <Filter>Header Files</Filter>
    </ClInclude>
    <ClInclude Include="C:\Users\brent\Documents\Repositories\sonel-mapping\sonel-mapping\InspectModeManip.h">
      <Filter>Header Files</Filter>
    </ClInclude>
    <ClInclude Include="C:\Users\brent\Documents\Repositories\sonel-mapping\sonel-mapping\GlfCameraWindow.h">
      <Filter>Header Files</Filter>
    </ClInclude>
    <ClInclude Include="C:\Users\brent\Documents\Repositories\sonel-mapping\sonel-mapping\GlfWindow.h">
      <Filter>Header Files</Filter>
    </ClInclude>
    <ClInclude Include="C:\Users\brent\Documents\Repositories\sonel-mapping\sonel-mapping\MainWindow.h">
      <Filter>Header Files</Filter>
    </ClInclude>
    <ClInclude Include="C:\Users\brent\Documents\Repositories\sonel-mapping\sonel-mapping\LaunchParams.h">
      <Filter>Header Files</Filter>
    </ClInclude>
    <ClInclude Include="C:\Users\brent\Documents\Repositories\sonel-mapping\sonel-mapping\Model.h">
      <Filter>Header Files</Filter>
    </ClInclude>
    <ClInclude Include="C:\Users\brent\Documents\Repositories\sonel-mapping\sonel-mapping\TriangleMeshSbtData.h">
      <Filter>Header Files</Filter>
    </ClInclude>
    <ClInclude Include="C:\Users\brent\Documents\Repositories\sonel-mapping\sonel-mapping\CUDABuffer.h">
      <Filter>Header Files</Filter>
    </ClInclude>
    <ClInclude Include="C:\Users\brent\Documents\Repositories\sonel-mapping\sonel-mapping\CudaHelper.h">
      <Filter>Header Files</Filter>
    </ClInclude>
    <ClInclude Include="C:\Users\brent\Documents\Repositories\sonel-mapping\sonel-mapping\CudaRandom.h">
      <Filter>Header Files</Filter>
    </ClInclude>
    <ClInclude Include="C:\Users\brent\Documents\Repositories\sonel-mapping\sonel-mapping\CudaSonelMapperParams.h">
      <Filter>Header Files</Filter>
    </ClInclude>
    <ClInclude Include="C:\Users\brent\Documents\Repositories\sonel-mapping\sonel-mapping\OptixScene.h">
      <Filter>Header Files</Filter>
    </ClInclude>
    <ClInclude Include="C:\Users\brent\Documents\Repositories\sonel-mapping\sonel-mapping\OptixSetup.h">
      <Filter>Header Files</Filter>
    </ClInclude>
    <ClInclude Include="C:\Users\brent\Documents\Repositories\sonel-mapping\sonel-mapping\Sonel.h">
      <Filter>Header Files</Filter>
    </ClInclude>
    <ClInclude Include="C:\Users\brent\Documents\Repositories\sonel-mapping\sonel-mapping\SoundSource.h">
      <Filter>Header Files</Filter>
    </ClInclude>
    <ClInclude Include="C:\Users\brent\Documents\Repositories\sonel-mapping\sonel-mapping\SonelMap.h">
      <Filter>Header Files</Filter>
    </ClInclude>
    <ClInclude Include="C:\Users\brent\Documents\Repositories\sonel-mapping\sonel-mapping\OctTree.h">
      <Filter>Header Files</Filter>
    </ClInclude>
    <ClInclude Include="C:\Users\brent\Documents\Repositories\sonel-mapping\sonel-mapping\SonelManager.h">
      <Filter>Header Files</Filter>
    </ClInclude>
    <ClInclude Include="C:\Users\brent\Documents\Repositories\sonel-mapping\sonel-mapping\SonelMapper.h">
      <Filter>Header Files</Filter>
    </ClInclude>
    <ClInclude Include="C:\Users\brent\Documents\Repositories\sonel-mapping\sonel-mapping\SonelMapVisualizer.h">
      <Filter>Header Files</Filter>
    </ClInclude>
  </ItemGroup>
  <ItemGroup>
    <CustomBuild Include="C:\Users\brent\Documents\Repositories\sonel-mapping\sonel-mapping\CudaSonelVisualizer.cu">
      <Filter>Source Files</Filter>
    </CustomBuild>
    <CustomBuild Include="C:\Users\brent\Documents\Repositories\sonel-mapping\CMakeFiles\97a10d1f3cd6fe80bdc1c901800108b3\cuda_compile_ptx_1_generated_CudaSonelVisualizer.cu.ptx_embedded.c.rule">
      <Filter>CMake Rules</Filter>
    </CustomBuild>
    <CustomBuild Include="C:\Users\brent\Documents\Repositories\sonel-mapping\sonel-mapping\CudaSonelMapper.cu">
      <Filter>Source Files</Filter>
    </CustomBuild>
    <CustomBuild Include="C:\Users\brent\Documents\Repositories\sonel-mapping\CMakeFiles\97a10d1f3cd6fe80bdc1c901800108b3\cuda_compile_ptx_2_generated_CudaSonelMapper.cu.ptx_embedded.c.rule">
      <Filter>CMake Rules</Filter>
    </CustomBuild>
    <CustomBuild Include="C:\Users\brent\Documents\Repositories\sonel-mapping\sonel-mapping\CMakeLists.txt" />
  </ItemGroup>
  <ItemGroup>
    <Filter Include="CMake Rules">
      <UniqueIdentifier>{C38462A9-E913-3BF8-A28F-09336900F7DA}</UniqueIdentifier>
    </Filter>
    <Filter Include="Header Files">
      <UniqueIdentifier>{A177DF1D-995B-3A08-A8F6-3D1B2147CFFB}</UniqueIdentifier>
    </Filter>
    <Filter Include="Source Files">
      <UniqueIdentifier>{9E3F7F7C-623E-3F34-8A7B-7B91F669E619}</UniqueIdentifier>
    </Filter>
  </ItemGroup>
</Project>
