<?xml version="1.0" encoding="utf-8"?>
<Project ToolsVersion="16.0" xmlns="http://schemas.microsoft.com/developer/msbuild/2003">
  <ItemGroup>
    <CustomBuild Include="C:\Users\brent\Git\sonel-mapping\CMakeFiles\e9dd9bce1d923892fcf1c9db757f5e78\INSTALL_force.rule">
      <Filter>CMake Rules</Filter>
    </CustomBuild>
  </ItemGroup>
  <ItemGroup>
    <Filter Include="CMake Rules">
      <UniqueIdentifier>{8BD5F35D-86EA-3D74-971B-2240021BE7AA}</UniqueIdentifier>
    </Filter>
  </ItemGroup>
</Project>
