<?xml version="1.0" encoding="utf-8"?>
<Project ToolsVersion="16.0" xmlns="http://schemas.microsoft.com/developer/msbuild/2003">
  <ItemGroup>
    <ClCompile Include="C:\Users\brent\Documents\Repositories\sonel-mapping\common\gdt\gdt\gdt.cpp">
      <Filter>Source Files</Filter>
    </ClCompile>
  </ItemGroup>
  <ItemGroup>
    <ClInclude Include="C:\Users\brent\Documents\Repositories\sonel-mapping\common\gdt\gdt\gdt.h">
      <Filter>Header Files</Filter>
    </ClInclude>
    <ClInclude Include="C:\Users\brent\Documents\Repositories\sonel-mapping\common\gdt\gdt\math\LinearSpace.h">
      <Filter>Header Files</Filter>
    </ClInclude>
    <ClInclude Include="C:\Users\brent\Documents\Repositories\sonel-mapping\common\gdt\gdt\math\AffineSpace.h">
      <Filter>Header Files</Filter>
    </ClInclude>
  </ItemGroup>
  <ItemGroup>
    <CustomBuild Include="C:\Users\brent\Documents\Repositories\sonel-mapping\common\gdt\CMakeLists.txt" />
  </ItemGroup>
  <ItemGroup>
    <None Include="C:\Users\brent\Documents\Repositories\sonel-mapping\common\gdt\cmake\configure_build_type.cmake" />
    <None Include="C:\Users\brent\Documents\Repositories\sonel-mapping\common\gdt\cmake\configure_optix.cmake" />
    <None Include="C:\Users\brent\Documents\Repositories\sonel-mapping\common\gdt\cmake\FindOptiX.cmake" />
  </ItemGroup>
  <ItemGroup>
    <Filter Include="Header Files">
      <UniqueIdentifier>{A177DF1D-995B-3A08-A8F6-3D1B2147CFFB}</UniqueIdentifier>
    </Filter>
    <Filter Include="Source Files">
      <UniqueIdentifier>{9E3F7F7C-623E-3F34-8A7B-7B91F669E619}</UniqueIdentifier>
    </Filter>
  </ItemGroup>
</Project>
