
Microsoft Visual Studio Solution File, Format Version 12.00
# Visual Studio Version 16
Project("{2150E333-8FDC-42A3-9474-1A3956D46DE8}") = "CMakePredefinedTargets", "CMakePredefinedTargets", "{5FF8AA78-7366-3934-BA1D-2B64F672C5A9}"
EndProject
Project("{8BC9CEB8-8B4A-11D0-8D11-00A0C91BC942}") = "ALL_BUILD", "ALL_BUILD.vcxproj", "{287151D6-8EFD-36E1-ABD1-07C4EA3FA3C2}"
	ProjectSection(ProjectDependencies) = postProject
		{AEEE4951-37C8-3D8D-8DC0-1131C2E8BABF} = {AEEE4951-37C8-3D8D-8DC0-1131C2E8BABF}
		{27F2A109-D609-3B44-80AF-D12393159B02} = {27F2A109-D609-3B44-80AF-D12393159B02}
	EndProjectSection
EndProject
Project("{8BC9CEB8-8B4A-11D0-8D11-00A0C91BC942}") = "INSTALL", "INSTALL.vcxproj", "{1AAFDA2A-CE7E-3D9F-8059-0FC7CEFB51D7}"
	ProjectSection(ProjectDependencies) = postProject
		{287151D6-8EFD-36E1-ABD1-07C4EA3FA3C2} = {287151D6-8EFD-36E1-ABD1-07C4EA3FA3C2}
		{AEEE4951-37C8-3D8D-8DC0-1131C2E8BABF} = {AEEE4951-37C8-3D8D-8DC0-1131C2E8BABF}
	EndProjectSection
EndProject
Project("{8BC9CEB8-8B4A-11D0-8D11-00A0C91BC942}") = "ZERO_CHECK", "..\..\\ZERO_CHECK.vcxproj", "{AEEE4951-37C8-3D8D-8DC0-1131C2E8BABF}"
	ProjectSection(ProjectDependencies) = postProject
	EndProjectSection
EndProject
Project("{8BC9CEB8-8B4A-11D0-8D11-00A0C91BC942}") = "gdt", "gdt.vcxproj", "{27F2A109-D609-3B44-80AF-D12393159B02}"
	ProjectSection(ProjectDependencies) = postProject
		{AEEE4951-37C8-3D8D-8DC0-1131C2E8BABF} = {AEEE4951-37C8-3D8D-8DC0-1131C2E8BABF}
	EndProjectSection
EndProject
Global
	GlobalSection(SolutionConfigurationPlatforms) = preSolution
		Debug|x64 = Debug|x64
		Release|x64 = Release|x64
	EndGlobalSection
	GlobalSection(ProjectConfigurationPlatforms) = postSolution
		{287151D6-8EFD-36E1-ABD1-07C4EA3FA3C2}.Debug|x64.ActiveCfg = Debug|x64
		{287151D6-8EFD-36E1-ABD1-07C4EA3FA3C2}.Debug|x64.Build.0 = Debug|x64
		{287151D6-8EFD-36E1-ABD1-07C4EA3FA3C2}.Release|x64.ActiveCfg = Release|x64
		{287151D6-8EFD-36E1-ABD1-07C4EA3FA3C2}.Release|x64.Build.0 = Release|x64
		{1AAFDA2A-CE7E-3D9F-8059-0FC7CEFB51D7}.Debug|x64.ActiveCfg = Debug|x64
		{1AAFDA2A-CE7E-3D9F-8059-0FC7CEFB51D7}.Release|x64.ActiveCfg = Release|x64
		{AEEE4951-37C8-3D8D-8DC0-1131C2E8BABF}.Debug|x64.ActiveCfg = Debug|x64
		{AEEE4951-37C8-3D8D-8DC0-1131C2E8BABF}.Debug|x64.Build.0 = Debug|x64
		{AEEE4951-37C8-3D8D-8DC0-1131C2E8BABF}.Release|x64.ActiveCfg = Release|x64
		{AEEE4951-37C8-3D8D-8DC0-1131C2E8BABF}.Release|x64.Build.0 = Release|x64
		{27F2A109-D609-3B44-80AF-D12393159B02}.Debug|x64.ActiveCfg = Debug|x64
		{27F2A109-D609-3B44-80AF-D12393159B02}.Debug|x64.Build.0 = Debug|x64
		{27F2A109-D609-3B44-80AF-D12393159B02}.Release|x64.ActiveCfg = Release|x64
		{27F2A109-D609-3B44-80AF-D12393159B02}.Release|x64.Build.0 = Release|x64
	EndGlobalSection
	GlobalSection(NestedProjects) = preSolution
		{287151D6-8EFD-36E1-ABD1-07C4EA3FA3C2} = {5FF8AA78-7366-3934-BA1D-2B64F672C5A9}
		{1AAFDA2A-CE7E-3D9F-8059-0FC7CEFB51D7} = {5FF8AA78-7366-3934-BA1D-2B64F672C5A9}
		{AEEE4951-37C8-3D8D-8DC0-1131C2E8BABF} = {5FF8AA78-7366-3934-BA1D-2B64F672C5A9}
	EndGlobalSection
	GlobalSection(ExtensibilityGlobals) = postSolution
		SolutionGuid = {D137BF58-D7F8-37BB-9332-03C40BAF1AED}
	EndGlobalSection
	GlobalSection(ExtensibilityAddIns) = postSolution
	EndGlobalSection
EndGlobal
